Microsoft Visual Studio Solution File, Format Version 12.00
# Visual Studio Version 16
VisualStudioVersion = 16.0.0.0
MinimumVisualStudioVersion = 16.0.0.0
Project("{9A19103F-16F7-4668-BE54-9A1E7A4F7556}") = "ArticleShop.Server", "Server\ArticleShop.Server.csproj", "{D55532B7-4573-4F20-A24C-F29FFA3C2FA9}"
EndProject
Project("{9A19103F-16F7-4668-BE54-9A1E7A4F7556}") = "ArticleShop.Client", "Client\ArticleShop.Client.csproj", "{C0553EB6-11EC-4B58-83D8-E4149D32C5A4}"
EndProject
Project("{9A19103F-16F7-4668-BE54-9A1E7A4F7556}") = "ArticleShop.Shared", "Shared\ArticleShop.Shared.csproj", "{15DDE503-6AB2-491C-B472-D3BBD4C92282}"
EndProject
Global
	GlobalSection(SolutionConfigurationPlatforms) = preSolution
		Debug|Any CPU = Debug|Any CPU
		Debug|x64 = Debug|x64
		Debug|x86 = Debug|x86
		Release|Any CPU = Release|Any CPU
		Release|x64 = Release|x64
		Release|x86 = Release|x86
	EndGlobalSection
	GlobalSection(ProjectConfigurationPlatforms) = postSolution
		{C0553EB6-11EC-4B58-83D8-E4149D32C5A4}.Debug|Any CPU.ActiveCfg = Debug|Any CPU
		{C0553EB6-11EC-4B58-83D8-E4149D32C5A4}.Debug|Any CPU.Build.0 = Debug|Any CPU
		{C0553EB6-11EC-4B58-83D8-E4149D32C5A4}.Debug|x64.ActiveCfg = Debug|Any CPU
		{C0553EB6-11EC-4B58-83D8-E4149D32C5A4}.Debug|x64.Build.0 = Debug|Any CPU
		{C0553EB6-11EC-4B58-83D8-E4149D32C5A4}.Debug|x86.ActiveCfg = Debug|Any CPU
		{C0553EB6-11EC-4B58-83D8-E4149D32C5A4}.Debug|x86.Build.0 = Debug|Any CPU
		{C0553EB6-11EC-4B58-83D8-E4149D32C5A4}.Release|Any CPU.ActiveCfg = Release|Any CPU
		{C0553EB6-11EC-4B58-83D8-E4149D32C5A4}.Release|Any CPU.Build.0 = Release|Any CPU
		{C0553EB6-11EC-4B58-83D8-E4149D32C5A4}.Release|x64.ActiveCfg = Release|Any CPU
		{C0553EB6-11EC-4B58-83D8-E4149D32C5A4}.Release|x64.Build.0 = Release|Any CPU
		{C0553EB6-11EC-4B58-83D8-E4149D32C5A4}.Release|x86.ActiveCfg = Release|Any CPU
		{C0553EB6-11EC-4B58-83D8-E4149D32C5A4}.Release|x86.Build.0 = Release|Any CPU
		{D55532B7-4573-4F20-A24C-F29FFA3C2FA9}.Debug|Any CPU.ActiveCfg = Debug|Any CPU
		{D55532B7-4573-4F20-A24C-F29FFA3C2FA9}.Debug|Any CPU.Build.0 = Debug|Any CPU
		{D55532B7-4573-4F20-A24C-F29FFA3C2FA9}.Debug|x64.ActiveCfg = Debug|Any CPU
		{D55532B7-4573-4F20-A24C-F29FFA3C2FA9}.Debug|x64.Build.0 = Debug|Any CPU
		{D55532B7-4573-4F20-A24C-F29FFA3C2FA9}.Debug|x86.ActiveCfg = Debug|Any CPU
		{D55532B7-4573-4F20-A24C-F29FFA3C2FA9}.Debug|x86.Build.0 = Debug|Any CPU
		{D55532B7-4573-4F20-A24C-F29FFA3C2FA9}.Release|Any CPU.ActiveCfg = Release|Any CPU
		{D55532B7-4573-4F20-A24C-F29FFA3C2FA9}.Release|Any CPU.Build.0 = Release|Any CPU
		{D55532B7-4573-4F20-A24C-F29FFA3C2FA9}.Release|x64.ActiveCfg = Release|Any CPU
		{D55532B7-4573-4F20-A24C-F29FFA3C2FA9}.Release|x64.Build.0 = Release|Any CPU
		{D55532B7-4573-4F20-A24C-F29FFA3C2FA9}.Release|x86.ActiveCfg = Release|Any CPU
		{D55532B7-4573-4F20-A24C-F29FFA3C2FA9}.Release|x86.Build.0 = Release|Any CPU
		{15DDE503-6AB2-491C-B472-D3BBD4C92282}.Debug|Any CPU.ActiveCfg = Debug|Any CPU
		{15DDE503-6AB2-491C-B472-D3BBD4C92282}.Debug|Any CPU.Build.0 = Debug|Any CPU
		{15DDE503-6AB2-491C-B472-D3BBD4C92282}.Debug|x64.ActiveCfg = Debug|Any CPU
		{15DDE503-6AB2-491C-B472-D3BBD4C92282}.Debug|x64.Build.0 = Debug|Any CPU
		{15DDE503-6AB2-491C-B472-D3BBD4C92282}.Debug|x86.ActiveCfg = Debug|Any CPU
		{15DDE503-6AB2-491C-B472-D3BBD4C92282}.Debug|x86.Build.0 = Debug|Any CPU
		{15DDE503-6AB2-491C-B472-D3BBD4C92282}.Release|Any CPU.ActiveCfg = Release|Any CPU
		{15DDE503-6AB2-491C-B472-D3BBD4C92282}.Release|Any CPU.Build.0 = Release|Any CPU
		{15DDE503-6AB2-491C-B472-D3BBD4C92282}.Release|x64.ActiveCfg = Release|Any CPU
		{15DDE503-6AB2-491C-B472-D3BBD4C92282}.Release|x64.Build.0 = Release|Any CPU
		{15DDE503-6AB2-491C-B472-D3BBD4C92282}.Release|x86.ActiveCfg = Release|Any CPU
		{15DDE503-6AB2-491C-B472-D3BBD4C92282}.Release|x86.Build.0 = Release|Any CPU
	EndGlobalSection
	GlobalSection(SolutionProperties) = preSolution
		HideSolutionNode = FALSE
	EndGlobalSection
	GlobalSection(ExtensibilityGlobals) = postSolution
		SolutionGuid = {801B970A-298A-4C0C-B1D7-5C3A9DEC95F7}
	EndGlobalSection
EndGlobal